
Microsoft Visual Studio Solution File, Format Version 12.00
# Visual Studio Version 16
VisualStudioVersion = 16.0.31624.102
MinimumVisualStudioVersion = 10.0.40219.1
Project("{FAE04EC0-301F-11D3-BF4B-00C04F79EFBC}") = "Lab2WPF", "Lab2WPF\Lab2WPF.csproj", "{80BD72D3-9338-474F-9A54-8FA2ACC252A4}"
EndProject
Project("{FAE04EC0-301F-11D3-BF4B-00C04F79EFBC}") = "TestsTen", "TestsTen\TestsTen.csproj", "{794BE3D4-6720-4356-A724-5247308D12BE}"
EndProject
Global
	GlobalSection(SolutionConfigurationPlatforms) = preSolution
		Debug|Any CPU = Debug|Any CPU
		Release|Any CPU = Release|Any CPU
	EndGlobalSection
	GlobalSection(ProjectConfigurationPlatforms) = postSolution
		{80BD72D3-9338-474F-9A54-8FA2ACC252A4}.Debug|Any CPU.ActiveCfg = Debug|Any CPU
		{80BD72D3-9338-474F-9A54-8FA2ACC252A4}.Debug|Any CPU.Build.0 = Debug|Any CPU
		{80BD72D3-9338-474F-9A54-8FA2ACC252A4}.Release|Any CPU.ActiveCfg = Release|Any CPU
		{80BD72D3-9338-474F-9A54-8FA2ACC252A4}.Release|Any CPU.Build.0 = Release|Any CPU
		{794BE3D4-6720-4356-A724-5247308D12BE}.Debug|Any CPU.ActiveCfg = Debug|Any CPU
		{794BE3D4-6720-4356-A724-5247308D12BE}.Debug|Any CPU.Build.0 = Debug|Any CPU
		{794BE3D4-6720-4356-A724-5247308D12BE}.Release|Any CPU.ActiveCfg = Release|Any CPU
		{794BE3D4-6720-4356-A724-5247308D12BE}.Release|Any CPU.Build.0 = Release|Any CPU
	EndGlobalSection
	GlobalSection(SolutionProperties) = preSolution
		HideSolutionNode = FALSE
	EndGlobalSection
	GlobalSection(ExtensibilityGlobals) = postSolution
		SolutionGuid = {8D795D86-F612-4CFE-A13D-F1091C243208}
	EndGlobalSection
EndGlobal
